# This file is generated by running "yarn install" inside your project.
# Manual changes might be lost - proceed with caution!

__metadata:
  version: 6
  cacheKey: 8

"test-github-dependency@git+ssh://git@github.com:angel-git/test-github-dependency.git#e457095d836f387a93f42c86bcf14de14be3b375":
  version: 1.0.0
  resolution: "test-github-dependency@git+ssh://git@github.com:angel-git/test-github-dependency.git#commit=e457095d836f387a93f42c86bcf14de14be3b375"
  checksum: 607a4d9d998f4c96a136764eb95c709014772a1924ce2816a92ac428b074e1b3913af1eb77dc5dfba8924b0106e4c293badfa1e23be2ef2283d362a0cc777438
  languageName: node
  linkType: hard

"yarn-issue@workspace:.":
  version: 0.0.0-use.local
  resolution: "yarn-issue@workspace:."
  dependencies:
    test-github-dependency: "git+ssh://git@github.com:angel-git/test-github-dependency.git#e457095d836f387a93f42c86bcf14de14be3b375"
  languageName: unknown
  linkType: soft
