# This file is generated by running "yarn install" inside your project.
# Manual changes might be lost - proceed with caution!

__metadata:
  version: 6
  cacheKey: 8

"js-tokens@npm:^3.0.0 || ^4.0.0":
  version: 4.0.0
  resolution: "js-tokens@npm:4.0.0"
  checksum: 8a95213a5a77deb6cbe94d86340e8d9ace2b93bc367790b260101d2f36a2eaf4e4e22d9fa9cf459b38af3a32fb4190e638024cf82ec95ef708680e405ea7cc78
  languageName: node
  linkType: hard

"loose-envify@npm:^1.1.0":
  version: 1.4.0
  resolution: "loose-envify@npm:1.4.0"
  dependencies:
    js-tokens: ^3.0.0 || ^4.0.0
  bin:
    loose-envify: cli.js
  checksum: 6517e24e0cad87ec9888f500c5b5947032cdfe6ef65e1c1936a0c48a524b81e65542c9c3edc91c97d5bddc806ee2a985dbc79be89215d613b1de5db6d1cfe6f4
  languageName: node
  linkType: hard

"react@npm:^18.2.0":
  version: 18.2.0
  resolution: "react@npm:18.2.0"
  dependencies:
    loose-envify: ^1.1.0
  checksum: 88e38092da8839b830cda6feef2e8505dec8ace60579e46aa5490fc3dc9bba0bd50336507dc166f43e3afc1c42939c09fe33b25fae889d6f402721dcd78fca1b
  languageName: node
  linkType: hard

"test-github-dependency@git+ssh://git@github.com:angel-git/test-github-dependency.git#a9558b728dfcee08264f221211d859e3417a4971":
  version: 1.0.0
  resolution: "test-github-dependency@git+ssh://git@github.com:angel-git/test-github-dependency.git#commit=a9558b728dfcee08264f221211d859e3417a4971"
  dependencies:
    react: ^18.2.0
  checksum: 17a50be34268b1ede47bf8f371dc88802b581c42504aaa1240e06d1fb4047241b29e67f52d77ebe7182365b85f1814a04bf43cfa391409498dfa6568f88d38ab
  languageName: node
  linkType: hard

"yarn-issue@workspace:.":
  version: 0.0.0-use.local
  resolution: "yarn-issue@workspace:."
  dependencies:
    test-github-dependency: "git+ssh://git@github.com:angel-git/test-github-dependency.git#a9558b728dfcee08264f221211d859e3417a4971"
  languageName: unknown
  linkType: soft
