# THIS IS AN AUTOGENERATED FILE. DO NOT EDIT THIS FILE DIRECTLY.
# yarn lockfile v1


"test-github-dependency@git+ssh://git@github.com:angel-git/test-github-dependency.git#e457095d836f387a93f42c86bcf14de14be3b375":
  version "1.0.0"
  resolved "git+ssh://git@github.com:angel-git/test-github-dependency.git#e457095d836f387a93f42c86bcf14de14be3b375"
